
Microsoft Visual Studio Solution File, Format Version 12.00
# Visual Studio Version 17
VisualStudioVersion = 17.0.31903.59
MinimumVisualStudioVersion = 10.0.40219.1
Project("{2150E333-8FDC-42A3-9474-1A3956D46DE8}") = "src", "src", "{93ADFE62-39F5-478E-8852-DE2E73EAA720}"
EndProject
Project("{FAE04EC0-301F-11D3-BF4B-00C04F79EFBC}") = "ToonNet", "src\ToonNet\ToonNet.csproj", "{F3A7F44C-BFD5-4915-A6EF-576AE63EC9CA}"
EndProject
Project("{2150E333-8FDC-42A3-9474-1A3956D46DE8}") = "tests", "tests", "{AFE0938A-DE2C-4FB9-A4AD-854E4343E9C7}"
EndProject
Project("{FAE04EC0-301F-11D3-BF4B-00C04F79EFBC}") = "ToonNet.Tests", "tests\ToonNet.Tests\ToonNet.Tests.csproj", "{65479601-9D51-41B9-8D00-00CF5B45DE3C}"
EndProject
Global
	GlobalSection(SolutionConfigurationPlatforms) = preSolution
		Debug|Any CPU = Debug|Any CPU
		Release|Any CPU = Release|Any CPU
	EndGlobalSection
	GlobalSection(SolutionProperties) = preSolution
		HideSolutionNode = FALSE
	EndGlobalSection
	GlobalSection(ProjectConfigurationPlatforms) = postSolution
		{F3A7F44C-BFD5-4915-A6EF-576AE63EC9CA}.Debug|Any CPU.ActiveCfg = Debug|Any CPU
		{F3A7F44C-BFD5-4915-A6EF-576AE63EC9CA}.Debug|Any CPU.Build.0 = Debug|Any CPU
		{F3A7F44C-BFD5-4915-A6EF-576AE63EC9CA}.Release|Any CPU.ActiveCfg = Release|Any CPU
		{F3A7F44C-BFD5-4915-A6EF-576AE63EC9CA}.Release|Any CPU.Build.0 = Release|Any CPU
		{65479601-9D51-41B9-8D00-00CF5B45DE3C}.Debug|Any CPU.ActiveCfg = Debug|Any CPU
		{65479601-9D51-41B9-8D00-00CF5B45DE3C}.Debug|Any CPU.Build.0 = Debug|Any CPU
		{65479601-9D51-41B9-8D00-00CF5B45DE3C}.Release|Any CPU.ActiveCfg = Release|Any CPU
		{65479601-9D51-41B9-8D00-00CF5B45DE3C}.Release|Any CPU.Build.0 = Release|Any CPU
	EndGlobalSection
	GlobalSection(NestedProjects) = preSolution
		{F3A7F44C-BFD5-4915-A6EF-576AE63EC9CA} = {93ADFE62-39F5-478E-8852-DE2E73EAA720}
		{65479601-9D51-41B9-8D00-00CF5B45DE3C} = {AFE0938A-DE2C-4FB9-A4AD-854E4343E9C7}
	EndGlobalSection
EndGlobal
